
Microsoft Visual Studio Solution File, Format Version 12.00
# Visual Studio Version 17
VisualStudioVersion = 17.13.35931.197
MinimumVisualStudioVersion = 10.0.40219.1
Project("{FAE04EC0-301F-11D3-BF4B-00C04F79EFBC}") = "AngularCRUDApp.Api", "AngularCRUDApp.Api\AngularCRUDApp.Api.csproj", "{C2410D27-7C05-49EA-8B30-7A4C72895EDC}"
EndProject
Project("{FAE04EC0-301F-11D3-BF4B-00C04F79EFBC}") = "AngularCRUDApp.Infrastructure", "AngularCRUDApp.Infrastructure\AngularCRUDApp.Infrastructure.csproj", "{45B03A30-43FF-4F1E-A975-B1D9207831EB}"
EndProject
Project("{FAE04EC0-301F-11D3-BF4B-00C04F79EFBC}") = "AngularCRUDApp.Application", "AngularCRUDApp.Application\AngularCRUDApp.Application.csproj", "{C4AAB4C3-A03A-4137-A04F-CD29B5972392}"
EndProject
Project("{FAE04EC0-301F-11D3-BF4B-00C04F79EFBC}") = "AngularCRUDApp.Domain", "AngularCRUDApp.Domain\AngularCRUDApp.Domain.csproj", "{62654F21-0F7F-491F-AF7F-E87AD4740968}"
EndProject
Project("{2150E333-8FDC-42A3-9474-1A3956D46DE8}") = "src", "src", "{02EA681E-C7D8-13C7-8484-4AC65E1B71E8}"
EndProject
Global
	GlobalSection(SolutionConfigurationPlatforms) = preSolution
		Debug|Any CPU = Debug|Any CPU
		Release|Any CPU = Release|Any CPU
	EndGlobalSection
	GlobalSection(ProjectConfigurationPlatforms) = postSolution
		{C2410D27-7C05-49EA-8B30-7A4C72895EDC}.Debug|Any CPU.ActiveCfg = Debug|Any CPU
		{C2410D27-7C05-49EA-8B30-7A4C72895EDC}.Debug|Any CPU.Build.0 = Debug|Any CPU
		{C2410D27-7C05-49EA-8B30-7A4C72895EDC}.Release|Any CPU.ActiveCfg = Release|Any CPU
		{C2410D27-7C05-49EA-8B30-7A4C72895EDC}.Release|Any CPU.Build.0 = Release|Any CPU
		{45B03A30-43FF-4F1E-A975-B1D9207831EB}.Debug|Any CPU.ActiveCfg = Debug|Any CPU
		{45B03A30-43FF-4F1E-A975-B1D9207831EB}.Debug|Any CPU.Build.0 = Debug|Any CPU
		{45B03A30-43FF-4F1E-A975-B1D9207831EB}.Release|Any CPU.ActiveCfg = Release|Any CPU
		{45B03A30-43FF-4F1E-A975-B1D9207831EB}.Release|Any CPU.Build.0 = Release|Any CPU
		{C4AAB4C3-A03A-4137-A04F-CD29B5972392}.Debug|Any CPU.ActiveCfg = Debug|Any CPU
		{C4AAB4C3-A03A-4137-A04F-CD29B5972392}.Debug|Any CPU.Build.0 = Debug|Any CPU
		{C4AAB4C3-A03A-4137-A04F-CD29B5972392}.Release|Any CPU.ActiveCfg = Release|Any CPU
		{C4AAB4C3-A03A-4137-A04F-CD29B5972392}.Release|Any CPU.Build.0 = Release|Any CPU
		{62654F21-0F7F-491F-AF7F-E87AD4740968}.Debug|Any CPU.ActiveCfg = Debug|Any CPU
		{62654F21-0F7F-491F-AF7F-E87AD4740968}.Debug|Any CPU.Build.0 = Debug|Any CPU
		{62654F21-0F7F-491F-AF7F-E87AD4740968}.Release|Any CPU.ActiveCfg = Release|Any CPU
		{62654F21-0F7F-491F-AF7F-E87AD4740968}.Release|Any CPU.Build.0 = Release|Any CPU
	EndGlobalSection
	GlobalSection(SolutionProperties) = preSolution
		HideSolutionNode = FALSE
	EndGlobalSection
	GlobalSection(NestedProjects) = preSolution
		{C2410D27-7C05-49EA-8B30-7A4C72895EDC} = {02EA681E-C7D8-13C7-8484-4AC65E1B71E8}
		{45B03A30-43FF-4F1E-A975-B1D9207831EB} = {02EA681E-C7D8-13C7-8484-4AC65E1B71E8}
		{C4AAB4C3-A03A-4137-A04F-CD29B5972392} = {02EA681E-C7D8-13C7-8484-4AC65E1B71E8}
		{62654F21-0F7F-491F-AF7F-E87AD4740968} = {02EA681E-C7D8-13C7-8484-4AC65E1B71E8}
	EndGlobalSection
	GlobalSection(ExtensibilityGlobals) = postSolution
		SolutionGuid = {E4B10B4D-319A-4F9E-A371-C6EC50EDEF98}
	EndGlobalSection
EndGlobal
